# Runtime lock for the bundled Spotware-generated cTrader codec.
# The legacy ctrader-open-api package is intentionally not a dependency: its
# exact protobuf==3.20.1 pin activates the pure-Python recursion-DoS exposure
# on the validated Python 3.14 environment.
protobuf==7.36.1 \
    --hash=sha256:97198b77e369a0abd8e262b8f6c7266c55ddb796a3a12c76d7b8881188ed83aa
