# Development-only lock for Linux/Python 3.14.4 in .venv-dev.
# Runtime .venv and the validated cTrader SDK are intentionally untouched.
# pip itself is the isolated bootstrap tool and is not part of this lock.
build==1.6.1
coverage==7.16.0
nodeenv==1.10.0
ast-serialize==0.11.1
librt==0.15.0
mypy==2.3.1
mypy-extensions==1.1.0
packaging==26.3
pathspec==1.1.1
pyproject-hooks==1.2.0
pyright==1.1.414
ruff==0.16.7
setuptools==84.0.0
typing-extensions==4.16.0
